// !$*UTF8*$!
{
	archiveVersion = 1;
	classes = {
	};
	objectVersion = 50;
	objects = {

/* Begin PBXBuildFile section */
		3632CA442567439800286C71 /* main.cpp in Sources */ = {isa = PBXBuildFile; fileRef = 3632CA432567439800286C71 /* main.cpp */; };
		3636D99525705598006308C4 /* OpenGL.framework in Frameworks */ = {isa = PBXBuildFile; fileRef = 3636D99425705598006308C4 /* OpenGL.framework */; };
		3636D9972570566C006308C4 /* libglfw.3.3.dylib in Frameworks */ = {isa = PBXBuildFile; fileRef = 3636D9962570566C006308C4 /* libglfw.3.3.dylib */; };
		3636D99A2570568A006308C4 /* libGLEW.2.2.0.dylib in Frameworks */ = {isa = PBXBuildFile; fileRef = 3636D9992570568A006308C4 /* libGLEW.2.2.0.dylib */; };
		3636D9A0257058B1006308C4 /* mesh.cpp in Sources */ = {isa = PBXBuildFile; fileRef = 3636D99E257058B1006308C4 /* mesh.cpp */; };
		3636D9AA2570594D006308C4 /* shader.cpp in Sources */ = {isa = PBXBuildFile; fileRef = 3636D9A82570594D006308C4 /* shader.cpp */; };
		3636D9B125705A2E006308C4 /* window.cpp in Sources */ = {isa = PBXBuildFile; fileRef = 3636D9AF25705A2E006308C4 /* window.cpp */; };
		3636D9B525705A67006308C4 /* camera.cpp in Sources */ = {isa = PBXBuildFile; fileRef = 3636D9B325705A67006308C4 /* camera.cpp */; };
		3636D9B925705AA5006308C4 /* texture.cpp in Sources */ = {isa = PBXBuildFile; fileRef = 3636D9B725705AA5006308C4 /* texture.cpp */; };
		3636D9C025705F8E006308C4 /* directionalLight.cpp in Sources */ = {isa = PBXBuildFile; fileRef = 3636D9BE25705F8E006308C4 /* directionalLight.cpp */; };
		3636D9C525705FBC006308C4 /* pointLight.cpp in Sources */ = {isa = PBXBuildFile; fileRef = 3636D9C325705FBC006308C4 /* pointLight.cpp */; };
		3636D9C925705FE9006308C4 /* spotLight.cpp in Sources */ = {isa = PBXBuildFile; fileRef = 3636D9C725705FE9006308C4 /* spotLight.cpp */; };
		3636D9CD25706013006308C4 /* light.cpp in Sources */ = {isa = PBXBuildFile; fileRef = 3636D9CB25706013006308C4 /* light.cpp */; };
		3636D9D125706055006308C4 /* material.cpp in Sources */ = {isa = PBXBuildFile; fileRef = 3636D9CF25706055006308C4 /* material.cpp */; };
/* End PBXBuildFile section */

/* Begin PBXCopyFilesBuildPhase section */
		3632CA3E2567439800286C71 /* CopyFiles */ = {
			isa = PBXCopyFilesBuildPhase;
			buildActionMask = 2147483647;
			dstPath = /usr/share/man/man1/;
			dstSubfolderSpec = 0;
			files = (
			);
			runOnlyForDeploymentPostprocessing = 1;
		};
/* End PBXCopyFilesBuildPhase section */

/* Begin PBXFileReference section */
		3632CA402567439800286C71 /* block */ = {isa = PBXFileReference; explicitFileType = "compiled.mach-o.executable"; includeInIndex = 0; path = block; sourceTree = BUILT_PRODUCTS_DIR; };
		3632CA432567439800286C71 /* main.cpp */ = {isa = PBXFileReference; lastKnownFileType = sourcecode.cpp.cpp; path = main.cpp; sourceTree = "<group>"; };
		3636D99425705598006308C4 /* OpenGL.framework */ = {isa = PBXFileReference; lastKnownFileType = wrapper.framework; name = OpenGL.framework; path = System/Library/Frameworks/OpenGL.framework; sourceTree = SDKROOT; };
		3636D9962570566C006308C4 /* libglfw.3.3.dylib */ = {isa = PBXFileReference; lastKnownFileType = "compiled.mach-o.dylib"; name = libglfw.3.3.dylib; path = ../../../../../../../usr/local/Cellar/glfw/3.3.2/lib/libglfw.3.3.dylib; sourceTree = "<group>"; };
		3636D9992570568A006308C4 /* libGLEW.2.2.0.dylib */ = {isa = PBXFileReference; lastKnownFileType = "compiled.mach-o.dylib"; name = libGLEW.2.2.0.dylib; path = ../../../../../../../usr/local/Cellar/glew/2.2.0/lib/libGLEW.2.2.0.dylib; sourceTree = "<group>"; };
		3636D99E257058B1006308C4 /* mesh.cpp */ = {isa = PBXFileReference; lastKnownFileType = sourcecode.cpp.cpp; path = mesh.cpp; sourceTree = "<group>"; };
		3636D99F257058B1006308C4 /* mesh.hpp */ = {isa = PBXFileReference; lastKnownFileType = sourcecode.cpp.h; path = mesh.hpp; sourceTree = "<group>"; };
		3636D9A82570594D006308C4 /* shader.cpp */ = {isa = PBXFileReference; lastKnownFileType = sourcecode.cpp.cpp; path = shader.cpp; sourceTree = "<group>"; };
		3636D9A92570594D006308C4 /* shader.hpp */ = {isa = PBXFileReference; lastKnownFileType = sourcecode.cpp.h; path = shader.hpp; sourceTree = "<group>"; };
		3636D9AD257059F9006308C4 /* FragmentShader.glsl */ = {isa = PBXFileReference; fileEncoding = 4; lastKnownFileType = text; path = FragmentShader.glsl; sourceTree = "<group>"; };
		3636D9AE257059F9006308C4 /* VertexShader.glsl */ = {isa = PBXFileReference; fileEncoding = 4; lastKnownFileType = text; path = VertexShader.glsl; sourceTree = "<group>"; };
		3636D9AF25705A2E006308C4 /* window.cpp */ = {isa = PBXFileReference; lastKnownFileType = sourcecode.cpp.cpp; path = window.cpp; sourceTree = "<group>"; };
		3636D9B025705A2E006308C4 /* window.hpp */ = {isa = PBXFileReference; lastKnownFileType = sourcecode.cpp.h; path = window.hpp; sourceTree = "<group>"; };
		3636D9B325705A67006308C4 /* camera.cpp */ = {isa = PBXFileReference; lastKnownFileType = sourcecode.cpp.cpp; path = camera.cpp; sourceTree = "<group>"; };
		3636D9B425705A67006308C4 /* camera.hpp */ = {isa = PBXFileReference; lastKnownFileType = sourcecode.cpp.h; path = camera.hpp; sourceTree = "<group>"; };
		3636D9B725705AA5006308C4 /* texture.cpp */ = {isa = PBXFileReference; lastKnownFileType = sourcecode.cpp.cpp; path = texture.cpp; sourceTree = "<group>"; };
		3636D9B825705AA5006308C4 /* texture.hpp */ = {isa = PBXFileReference; lastKnownFileType = sourcecode.cpp.h; path = texture.hpp; sourceTree = "<group>"; };
		3636D9BB25705ADB006308C4 /* stb_image.h */ = {isa = PBXFileReference; fileEncoding = 4; lastKnownFileType = sourcecode.c.h; path = stb_image.h; sourceTree = "<group>"; };
		3636D9BC25705E34006308C4 /* brick.png */ = {isa = PBXFileReference; lastKnownFileType = image.png; path = brick.png; sourceTree = "<group>"; };
		3636D9BD25705E34006308C4 /* block.png */ = {isa = PBXFileReference; lastKnownFileType = image.png; path = block.png; sourceTree = "<group>"; };
		3636D9BE25705F8E006308C4 /* directionalLight.cpp */ = {isa = PBXFileReference; lastKnownFileType = sourcecode.cpp.cpp; path = directionalLight.cpp; sourceTree = "<group>"; };
		3636D9BF25705F8E006308C4 /* directionalLight.hpp */ = {isa = PBXFileReference; lastKnownFileType = sourcecode.cpp.h; path = directionalLight.hpp; sourceTree = "<group>"; };
		3636D9C325705FBC006308C4 /* pointLight.cpp */ = {isa = PBXFileReference; lastKnownFileType = sourcecode.cpp.cpp; path = pointLight.cpp; sourceTree = "<group>"; };
		3636D9C425705FBC006308C4 /* pointLight.hpp */ = {isa = PBXFileReference; lastKnownFileType = sourcecode.cpp.h; path = pointLight.hpp; sourceTree = "<group>"; };
		3636D9C725705FE9006308C4 /* spotLight.cpp */ = {isa = PBXFileReference; lastKnownFileType = sourcecode.cpp.cpp; path = spotLight.cpp; sourceTree = "<group>"; };
		3636D9C825705FE9006308C4 /* spotLight.hpp */ = {isa = PBXFileReference; lastKnownFileType = sourcecode.cpp.h; path = spotLight.hpp; sourceTree = "<group>"; };
		3636D9CB25706013006308C4 /* light.cpp */ = {isa = PBXFileReference; lastKnownFileType = sourcecode.cpp.cpp; path = light.cpp; sourceTree = "<group>"; };
		3636D9CC25706013006308C4 /* light.hpp */ = {isa = PBXFileReference; lastKnownFileType = sourcecode.cpp.h; path = light.hpp; sourceTree = "<group>"; };
		3636D9CF25706055006308C4 /* material.cpp */ = {isa = PBXFileReference; lastKnownFileType = sourcecode.cpp.cpp; path = material.cpp; sourceTree = "<group>"; };
		3636D9D025706055006308C4 /* material.hpp */ = {isa = PBXFileReference; lastKnownFileType = sourcecode.cpp.h; path = material.hpp; sourceTree = "<group>"; };
		3636D9D32570608B006308C4 /* communValues.h */ = {isa = PBXFileReference; lastKnownFileType = sourcecode.c.h; path = communValues.h; sourceTree = "<group>"; };
		363EB1422571C8C100DAA6FC /* star.png */ = {isa = PBXFileReference; lastKnownFileType = image.png; path = star.png; sourceTree = "<group>"; };
		363EB1432571C8C100DAA6FC /* coin.png */ = {isa = PBXFileReference; lastKnownFileType = image.png; path = coin.png; sourceTree = "<group>"; };
		363EB1442571C8C100DAA6FC /* rainbow-star.png */ = {isa = PBXFileReference; lastKnownFileType = image.png; path = "rainbow-star.png"; sourceTree = "<group>"; };
/* End PBXFileReference section */

/* Begin PBXFrameworksBuildPhase section */
		3632CA3D2567439800286C71 /* Frameworks */ = {
			isa = PBXFrameworksBuildPhase;
			buildActionMask = 2147483647;
			files = (
				3636D99A2570568A006308C4 /* libGLEW.2.2.0.dylib in Frameworks */,
				3636D9972570566C006308C4 /* libglfw.3.3.dylib in Frameworks */,
				3636D99525705598006308C4 /* OpenGL.framework in Frameworks */,
			);
			runOnlyForDeploymentPostprocessing = 0;
		};
/* End PBXFrameworksBuildPhase section */

/* Begin PBXGroup section */
		3632CA372567439800286C71 = {
			isa = PBXGroup;
			children = (
				3632CA422567439800286C71 /* block */,
				3632CA412567439800286C71 /* Products */,
				3636D99325705598006308C4 /* Frameworks */,
			);
			sourceTree = "<group>";
		};
		3632CA412567439800286C71 /* Products */ = {
			isa = PBXGroup;
			children = (
				3632CA402567439800286C71 /* block */,
			);
			name = Products;
			sourceTree = "<group>";
		};
		3632CA422567439800286C71 /* block */ = {
			isa = PBXGroup;
			children = (
				3632CA432567439800286C71 /* main.cpp */,
				3636D99E257058B1006308C4 /* mesh.cpp */,
				3636D99F257058B1006308C4 /* mesh.hpp */,
				3636D9A82570594D006308C4 /* shader.cpp */,
				3636D9A92570594D006308C4 /* shader.hpp */,
				3636D9BB25705ADB006308C4 /* stb_image.h */,
				3636D9D32570608B006308C4 /* communValues.h */,
				3636D9A2257058BC006308C4 /* shaders */,
				3636D9A3257058C8006308C4 /* window */,
				3636D9A4257058D7006308C4 /* camera */,
				3636D9A5257058E0006308C4 /* texture */,
				3636D9A7257058F3006308C4 /* material */,
				3636D9A6257058E9006308C4 /* light */,
			);
			path = block;
			sourceTree = "<group>";
		};
		3636D99325705598006308C4 /* Frameworks */ = {
			isa = PBXGroup;
			children = (
				3636D9992570568A006308C4 /* libGLEW.2.2.0.dylib */,
				3636D9962570566C006308C4 /* libglfw.3.3.dylib */,
				3636D99425705598006308C4 /* OpenGL.framework */,
			);
			name = Frameworks;
			sourceTree = "<group>";
		};
		3636D9A2257058BC006308C4 /* shaders */ = {
			isa = PBXGroup;
			children = (
				3636D9AD257059F9006308C4 /* FragmentShader.glsl */,
				3636D9AE257059F9006308C4 /* VertexShader.glsl */,
			);
			path = shaders;
			sourceTree = "<group>";
		};
		3636D9A3257058C8006308C4 /* window */ = {
			isa = PBXGroup;
			children = (
				3636D9AF25705A2E006308C4 /* window.cpp */,
				3636D9B025705A2E006308C4 /* window.hpp */,
			);
			path = window;
			sourceTree = "<group>";
		};
		3636D9A4257058D7006308C4 /* camera */ = {
			isa = PBXGroup;
			children = (
				3636D9B325705A67006308C4 /* camera.cpp */,
				3636D9B425705A67006308C4 /* camera.hpp */,
			);
			path = camera;
			sourceTree = "<group>";
		};
		3636D9A5257058E0006308C4 /* texture */ = {
			isa = PBXGroup;
			children = (
				3636D9BD25705E34006308C4 /* block.png */,
				3636D9BC25705E34006308C4 /* brick.png */,
				363EB1432571C8C100DAA6FC /* coin.png */,
				363EB1442571C8C100DAA6FC /* rainbow-star.png */,
				363EB1422571C8C100DAA6FC /* star.png */,
				3636D9B725705AA5006308C4 /* texture.cpp */,
				3636D9B825705AA5006308C4 /* texture.hpp */,
			);
			path = texture;
			sourceTree = "<group>";
		};
		3636D9A6257058E9006308C4 /* light */ = {
			isa = PBXGroup;
			children = (
				3636D9BE25705F8E006308C4 /* directionalLight.cpp */,
				3636D9BF25705F8E006308C4 /* directionalLight.hpp */,
				3636D9C325705FBC006308C4 /* pointLight.cpp */,
				3636D9C425705FBC006308C4 /* pointLight.hpp */,
				3636D9C725705FE9006308C4 /* spotLight.cpp */,
				3636D9C825705FE9006308C4 /* spotLight.hpp */,
				3636D9CB25706013006308C4 /* light.cpp */,
				3636D9CC25706013006308C4 /* light.hpp */,
			);
			path = light;
			sourceTree = "<group>";
		};
		3636D9A7257058F3006308C4 /* material */ = {
			isa = PBXGroup;
			children = (
				3636D9CF25706055006308C4 /* material.cpp */,
				3636D9D025706055006308C4 /* material.hpp */,
			);
			path = material;
			sourceTree = "<group>";
		};
/* End PBXGroup section */

/* Begin PBXNativeTarget section */
		3632CA3F2567439800286C71 /* block */ = {
			isa = PBXNativeTarget;
			buildConfigurationList = 3632CA472567439800286C71 /* Build configuration list for PBXNativeTarget "block" */;
			buildPhases = (
				3632CA3C2567439800286C71 /* Sources */,
				3632CA3D2567439800286C71 /* Frameworks */,
				3632CA3E2567439800286C71 /* CopyFiles */,
			);
			buildRules = (
			);
			dependencies = (
			);
			name = block;
			productName = block;
			productReference = 3632CA402567439800286C71 /* block */;
			productType = "com.apple.product-type.tool";
		};
/* End PBXNativeTarget section */

/* Begin PBXProject section */
		3632CA382567439800286C71 /* Project object */ = {
			isa = PBXProject;
			attributes = {
				LastUpgradeCheck = 1220;
				TargetAttributes = {
					3632CA3F2567439800286C71 = {
						CreatedOnToolsVersion = 12.2;
					};
				};
			};
			buildConfigurationList = 3632CA3B2567439800286C71 /* Build configuration list for PBXProject "block" */;
			compatibilityVersion = "Xcode 9.3";
			developmentRegion = en;
			hasScannedForEncodings = 0;
			knownRegions = (
				en,
				Base,
			);
			mainGroup = 3632CA372567439800286C71;
			productRefGroup = 3632CA412567439800286C71 /* Products */;
			projectDirPath = "";
			projectRoot = "";
			targets = (
				3632CA3F2567439800286C71 /* block */,
			);
		};
/* End PBXProject section */

/* Begin PBXSourcesBuildPhase section */
		3632CA3C2567439800286C71 /* Sources */ = {
			isa = PBXSourcesBuildPhase;
			buildActionMask = 2147483647;
			files = (
				3636D9AA2570594D006308C4 /* shader.cpp in Sources */,
				3636D9C925705FE9006308C4 /* spotLight.cpp in Sources */,
				3636D9C525705FBC006308C4 /* pointLight.cpp in Sources */,
				3636D9D125706055006308C4 /* material.cpp in Sources */,
				3636D9A0257058B1006308C4 /* mesh.cpp in Sources */,
				3636D9C025705F8E006308C4 /* directionalLight.cpp in Sources */,
				3632CA442567439800286C71 /* main.cpp in Sources */,
				3636D9B925705AA5006308C4 /* texture.cpp in Sources */,
				3636D9B125705A2E006308C4 /* window.cpp in Sources */,
				3636D9CD25706013006308C4 /* light.cpp in Sources */,
				3636D9B525705A67006308C4 /* camera.cpp in Sources */,
			);
			runOnlyForDeploymentPostprocessing = 0;
		};
/* End PBXSourcesBuildPhase section */

/* Begin XCBuildConfiguration section */
		3632CA452567439800286C71 /* Debug */ = {
			isa = XCBuildConfiguration;
			buildSettings = {
				ALWAYS_SEARCH_USER_PATHS = NO;
				CLANG_ANALYZER_NONNULL = YES;
				CLANG_ANALYZER_NUMBER_OBJECT_CONVERSION = YES_AGGRESSIVE;
				CLANG_CXX_LANGUAGE_STANDARD = "gnu++14";
				CLANG_CXX_LIBRARY = "libc++";
				CLANG_ENABLE_MODULES = YES;
				CLANG_ENABLE_OBJC_ARC = YES;
				CLANG_ENABLE_OBJC_WEAK = YES;
				CLANG_WARN_BLOCK_CAPTURE_AUTORELEASING = YES;
				CLANG_WARN_BOOL_CONVERSION = YES;
				CLANG_WARN_COMMA = YES;
				CLANG_WARN_CONSTANT_CONVERSION = YES;
				CLANG_WARN_DEPRECATED_OBJC_IMPLEMENTATIONS = YES;
				CLANG_WARN_DIRECT_OBJC_ISA_USAGE = YES_ERROR;
				CLANG_WARN_DOCUMENTATION_COMMENTS = YES;
				CLANG_WARN_EMPTY_BODY = YES;
				CLANG_WARN_ENUM_CONVERSION = YES;
				CLANG_WARN_INFINITE_RECURSION = YES;
				CLANG_WARN_INT_CONVERSION = YES;
				CLANG_WARN_NON_LITERAL_NULL_CONVERSION = YES;
				CLANG_WARN_OBJC_IMPLICIT_RETAIN_SELF = YES;
				CLANG_WARN_OBJC_LITERAL_CONVERSION = YES;
				CLANG_WARN_OBJC_ROOT_CLASS = YES_ERROR;
				CLANG_WARN_QUOTED_INCLUDE_IN_FRAMEWORK_HEADER = YES;
				CLANG_WARN_RANGE_LOOP_ANALYSIS = YES;
				CLANG_WARN_STRICT_PROTOTYPES = YES;
				CLANG_WARN_SUSPICIOUS_MOVE = YES;
				CLANG_WARN_UNGUARDED_AVAILABILITY = YES_AGGRESSIVE;
				CLANG_WARN_UNREACHABLE_CODE = YES;
				CLANG_WARN__DUPLICATE_METHOD_MATCH = YES;
				COPY_PHASE_STRIP = NO;
				DEBUG_INFORMATION_FORMAT = dwarf;
				ENABLE_STRICT_OBJC_MSGSEND = YES;
				ENABLE_TESTABILITY = YES;
				GCC_C_LANGUAGE_STANDARD = gnu11;
				GCC_DYNAMIC_NO_PIC = NO;
				GCC_NO_COMMON_BLOCKS = YES;
				GCC_OPTIMIZATION_LEVEL = 0;
				GCC_PREPROCESSOR_DEFINITIONS = (
					"DEBUG=1",
					"$(inherited)",
				);
				GCC_WARN_64_TO_32_BIT_CONVERSION = YES;
				GCC_WARN_ABOUT_RETURN_TYPE = YES_ERROR;
				GCC_WARN_UNDECLARED_SELECTOR = YES;
				GCC_WARN_UNINITIALIZED_AUTOS = YES_AGGRESSIVE;
				GCC_WARN_UNUSED_FUNCTION = YES;
				GCC_WARN_UNUSED_VARIABLE = YES;
				MACOSX_DEPLOYMENT_TARGET = 10.15;
				MTL_ENABLE_DEBUG_INFO = INCLUDE_SOURCE;
				MTL_FAST_MATH = YES;
				ONLY_ACTIVE_ARCH = YES;
				SDKROOT = macosx;
			};
			name = Debug;
		};
		3632CA462567439800286C71 /* Release */ = {
			isa = XCBuildConfiguration;
			buildSettings = {
				ALWAYS_SEARCH_USER_PATHS = NO;
				CLANG_ANALYZER_NONNULL = YES;
				CLANG_ANALYZER_NUMBER_OBJECT_CONVERSION = YES_AGGRESSIVE;
				CLANG_CXX_LANGUAGE_STANDARD = "gnu++14";
				CLANG_CXX_LIBRARY = "libc++";
				CLANG_ENABLE_MODULES = YES;
				CLANG_ENABLE_OBJC_ARC = YES;
				CLANG_ENABLE_OBJC_WEAK = YES;
				CLANG_WARN_BLOCK_CAPTURE_AUTORELEASING = YES;
				CLANG_WARN_BOOL_CONVERSION = YES;
				CLANG_WARN_COMMA = YES;
				CLANG_WARN_CONSTANT_CONVERSION = YES;
				CLANG_WARN_DEPRECATED_OBJC_IMPLEMENTATIONS = YES;
				CLANG_WARN_DIRECT_OBJC_ISA_USAGE = YES_ERROR;
				CLANG_WARN_DOCUMENTATION_COMMENTS = YES;
				CLANG_WARN_EMPTY_BODY = YES;
				CLANG_WARN_ENUM_CONVERSION = YES;
				CLANG_WARN_INFINITE_RECURSION = YES;
				CLANG_WARN_INT_CONVERSION = YES;
				CLANG_WARN_NON_LITERAL_NULL_CONVERSION = YES;
				CLANG_WARN_OBJC_IMPLICIT_RETAIN_SELF = YES;
				CLANG_WARN_OBJC_LITERAL_CONVERSION = YES;
				CLANG_WARN_OBJC_ROOT_CLASS = YES_ERROR;
				CLANG_WARN_QUOTED_INCLUDE_IN_FRAMEWORK_HEADER = YES;
				CLANG_WARN_RANGE_LOOP_ANALYSIS = YES;
				CLANG_WARN_STRICT_PROTOTYPES = YES;
				CLANG_WARN_SUSPICIOUS_MOVE = YES;
				CLANG_WARN_UNGUARDED_AVAILABILITY = YES_AGGRESSIVE;
				CLANG_WARN_UNREACHABLE_CODE = YES;
				CLANG_WARN__DUPLICATE_METHOD_MATCH = YES;
				COPY_PHASE_STRIP = NO;
				DEBUG_INFORMATION_FORMAT = "dwarf-with-dsym";
				ENABLE_NS_ASSERTIONS = NO;
				ENABLE_STRICT_OBJC_MSGSEND = YES;
				GCC_C_LANGUAGE_STANDARD = gnu11;
				GCC_NO_COMMON_BLOCKS = YES;
				GCC_WARN_64_TO_32_BIT_CONVERSION = YES;
				GCC_WARN_ABOUT_RETURN_TYPE = YES_ERROR;
				GCC_WARN_UNDECLARED_SELECTOR = YES;
				GCC_WARN_UNINITIALIZED_AUTOS = YES_AGGRESSIVE;
				GCC_WARN_UNUSED_FUNCTION = YES;
				GCC_WARN_UNUSED_VARIABLE = YES;
				MACOSX_DEPLOYMENT_TARGET = 10.15;
				MTL_ENABLE_DEBUG_INFO = NO;
				MTL_FAST_MATH = YES;
				SDKROOT = macosx;
			};
			name = Release;
		};
		3632CA482567439800286C71 /* Debug */ = {
			isa = XCBuildConfiguration;
			buildSettings = {
				CODE_SIGN_STYLE = Automatic;
				HEADER_SEARCH_PATHS = (
					/Users/anathayna/glm/,
					/usr/local/include/,
				);
				LIBRARY_SEARCH_PATHS = (
					"$(inherited)",
					/usr/local/Cellar/glfw/3.3.2/lib,
					/usr/local/Cellar/glew/2.2.0/lib,
					/usr/local/Cellar/glew/2.1.0_1/lib,
				);
				PRODUCT_NAME = "$(TARGET_NAME)";
			};
			name = Debug;
		};
		3632CA492567439800286C71 /* Release */ = {
			isa = XCBuildConfiguration;
			buildSettings = {
				CODE_SIGN_STYLE = Automatic;
				HEADER_SEARCH_PATHS = (
					/Users/anathayna/glm/,
					/usr/local/include/,
				);
				LIBRARY_SEARCH_PATHS = (
					"$(inherited)",
					/usr/local/Cellar/glfw/3.3.2/lib,
					/usr/local/Cellar/glew/2.2.0/lib,
					/usr/local/Cellar/glew/2.1.0_1/lib,
				);
				PRODUCT_NAME = "$(TARGET_NAME)";
			};
			name = Release;
		};
/* End XCBuildConfiguration section */

/* Begin XCConfigurationList section */
		3632CA3B2567439800286C71 /* Build configuration list for PBXProject "block" */ = {
			isa = XCConfigurationList;
			buildConfigurations = (
				3632CA452567439800286C71 /* Debug */,
				3632CA462567439800286C71 /* Release */,
			);
			defaultConfigurationIsVisible = 0;
			defaultConfigurationName = Release;
		};
		3632CA472567439800286C71 /* Build configuration list for PBXNativeTarget "block" */ = {
			isa = XCConfigurationList;
			buildConfigurations = (
				3632CA482567439800286C71 /* Debug */,
				3632CA492567439800286C71 /* Release */,
			);
			defaultConfigurationIsVisible = 0;
			defaultConfigurationName = Release;
		};
/* End XCConfigurationList section */
	};
	rootObject = 3632CA382567439800286C71 /* Project object */;
}
